
Microsoft Visual Studio Solution File, Format Version 12.00
Project("{FAE04EC0-301F-11D3-BF4B-00C04F79EFBC}") = "HW1_StoreWebApi", "HW1_StoreWebApi\HW1_StoreWebApi.csproj", "{9BFC688A-CCF0-4540-BA97-DB3E07525CB4}"
EndProject
Project("{FAE04EC0-301F-11D3-BF4B-00C04F79EFBC}") = "HW2_StoreWebApi", "HW2_StoreWebApi\HW2_StoreWebApi.csproj", "{A5E922DF-4550-4CD4-BA12-A28E6E669DAC}"
EndProject
Project("{FAE04EC0-301F-11D3-BF4B-00C04F79EFBC}") = "HW3_StoreWebApi_Storage", "HW3_StoreWebApi_Storage\HW3_StoreWebApi_Storage.csproj", "{303673EB-D34B-41A4-971F-F0106936AC1E}"
EndProject
Project("{FAE04EC0-301F-11D3-BF4B-00C04F79EFBC}") = "HW3_ApiGateway", "HW3_ApiGateway\HW3_ApiGateway.csproj", "{6B5496E5-F937-44DC-A0C3-F7A7D7BE7C6B}"
EndProject
Project("{2150E333-8FDC-42A3-9474-1A3956D46DE8}") = "Solution Items", "Solution Items", "{3A86654F-59FC-4083-9D47-A5A2FB4B0ED5}"
	ProjectSection(SolutionItems) = preProject
		docker-compose.yml = docker-compose.yml
	EndProjectSection
EndProject
Global
	GlobalSection(SolutionConfigurationPlatforms) = preSolution
		Debug|Any CPU = Debug|Any CPU
		Release|Any CPU = Release|Any CPU
	EndGlobalSection
	GlobalSection(ProjectConfigurationPlatforms) = postSolution
		{9BFC688A-CCF0-4540-BA97-DB3E07525CB4}.Debug|Any CPU.ActiveCfg = Debug|Any CPU
		{9BFC688A-CCF0-4540-BA97-DB3E07525CB4}.Debug|Any CPU.Build.0 = Debug|Any CPU
		{9BFC688A-CCF0-4540-BA97-DB3E07525CB4}.Release|Any CPU.ActiveCfg = Release|Any CPU
		{9BFC688A-CCF0-4540-BA97-DB3E07525CB4}.Release|Any CPU.Build.0 = Release|Any CPU
		{A5E922DF-4550-4CD4-BA12-A28E6E669DAC}.Debug|Any CPU.ActiveCfg = Debug|Any CPU
		{A5E922DF-4550-4CD4-BA12-A28E6E669DAC}.Debug|Any CPU.Build.0 = Debug|Any CPU
		{A5E922DF-4550-4CD4-BA12-A28E6E669DAC}.Release|Any CPU.ActiveCfg = Release|Any CPU
		{A5E922DF-4550-4CD4-BA12-A28E6E669DAC}.Release|Any CPU.Build.0 = Release|Any CPU
		{303673EB-D34B-41A4-971F-F0106936AC1E}.Debug|Any CPU.ActiveCfg = Debug|Any CPU
		{303673EB-D34B-41A4-971F-F0106936AC1E}.Debug|Any CPU.Build.0 = Debug|Any CPU
		{303673EB-D34B-41A4-971F-F0106936AC1E}.Release|Any CPU.ActiveCfg = Release|Any CPU
		{303673EB-D34B-41A4-971F-F0106936AC1E}.Release|Any CPU.Build.0 = Release|Any CPU
		{6B5496E5-F937-44DC-A0C3-F7A7D7BE7C6B}.Debug|Any CPU.ActiveCfg = Debug|Any CPU
		{6B5496E5-F937-44DC-A0C3-F7A7D7BE7C6B}.Debug|Any CPU.Build.0 = Debug|Any CPU
		{6B5496E5-F937-44DC-A0C3-F7A7D7BE7C6B}.Release|Any CPU.ActiveCfg = Release|Any CPU
		{6B5496E5-F937-44DC-A0C3-F7A7D7BE7C6B}.Release|Any CPU.Build.0 = Release|Any CPU
	EndGlobalSection
EndGlobal
